
Microsoft Visual Studio Solution File, Format Version 12.00
# Visual Studio 15
VisualStudioVersion = 15.0.27130.2010
MinimumVisualStudioVersion = 10.0.40219.1
Project("{FAE04EC0-301F-11D3-BF4B-00C04F79EFBC}") = "MedicalDevice.Android", "MedicalDevice\MedicalDevice.Android\MedicalDevice.Android.csproj", "{2DE88344-518C-4A8A-8F79-A4414B211F93}"
EndProject
Project("{FAE04EC0-301F-11D3-BF4B-00C04F79EFBC}") = "MedicalDevice.iOS", "MedicalDevice\MedicalDevice.iOS\MedicalDevice.iOS.csproj", "{B85B1BD7-E2F4-4C3E-A099-7B3CB744A480}"
EndProject
Project("{FAE04EC0-301F-11D3-BF4B-00C04F79EFBC}") = "MedicalDevice", "MedicalDevice\MedicalDevice\MedicalDevice.csproj", "{EA7CA75A-E86A-440D-9686-61A38571AA4A}"
EndProject
Global
	GlobalSection(SolutionConfigurationPlatforms) = preSolution
		Ad-Hoc|Any CPU = Ad-Hoc|Any CPU
		Ad-Hoc|iPhone = Ad-Hoc|iPhone
		Ad-Hoc|iPhoneSimulator = Ad-Hoc|iPhoneSimulator
		AppStore|Any CPU = AppStore|Any CPU
		AppStore|iPhone = AppStore|iPhone
		AppStore|iPhoneSimulator = AppStore|iPhoneSimulator
		Debug|Any CPU = Debug|Any CPU
		Debug|iPhone = Debug|iPhone
		Debug|iPhoneSimulator = Debug|iPhoneSimulator
		Release|Any CPU = Release|Any CPU
		Release|iPhone = Release|iPhone
		Release|iPhoneSimulator = Release|iPhoneSimulator
	EndGlobalSection
	GlobalSection(ProjectConfigurationPlatforms) = postSolution
		{2DE88344-518C-4A8A-8F79-A4414B211F93}.Ad-Hoc|Any CPU.ActiveCfg = Release|Any CPU
		{2DE88344-518C-4A8A-8F79-A4414B211F93}.Ad-Hoc|Any CPU.Build.0 = Release|Any CPU
		{2DE88344-518C-4A8A-8F79-A4414B211F93}.Ad-Hoc|Any CPU.Deploy.0 = Release|Any CPU
		{2DE88344-518C-4A8A-8F79-A4414B211F93}.Ad-Hoc|iPhone.ActiveCfg = Release|Any CPU
		{2DE88344-518C-4A8A-8F79-A4414B211F93}.Ad-Hoc|iPhone.Build.0 = Release|Any CPU
		{2DE88344-518C-4A8A-8F79-A4414B211F93}.Ad-Hoc|iPhone.Deploy.0 = Release|Any CPU
		{2DE88344-518C-4A8A-8F79-A4414B211F93}.Ad-Hoc|iPhoneSimulator.ActiveCfg = Release|Any CPU
		{2DE88344-518C-4A8A-8F79-A4414B211F93}.Ad-Hoc|iPhoneSimulator.Build.0 = Release|Any CPU
		{2DE88344-518C-4A8A-8F79-A4414B211F93}.Ad-Hoc|iPhoneSimulator.Deploy.0 = Release|Any CPU
		{2DE88344-518C-4A8A-8F79-A4414B211F93}.AppStore|Any CPU.ActiveCfg = Release|Any CPU
		{2DE88344-518C-4A8A-8F79-A4414B211F93}.AppStore|Any CPU.Build.0 = Release|Any CPU
		{2DE88344-518C-4A8A-8F79-A4414B211F93}.AppStore|Any CPU.Deploy.0 = Release|Any CPU
		{2DE88344-518C-4A8A-8F79-A4414B211F93}.AppStore|iPhone.ActiveCfg = Release|Any CPU
		{2DE88344-518C-4A8A-8F79-A4414B211F93}.AppStore|iPhone.Build.0 = Release|Any CPU
		{2DE88344-518C-4A8A-8F79-A4414B211F93}.AppStore|iPhone.Deploy.0 = Release|Any CPU
		{2DE88344-518C-4A8A-8F79-A4414B211F93}.AppStore|iPhoneSimulator.ActiveCfg = Release|Any CPU
		{2DE88344-518C-4A8A-8F79-A4414B211F93}.AppStore|iPhoneSimulator.Build.0 = Release|Any CPU
		{2DE88344-518C-4A8A-8F79-A4414B211F93}.AppStore|iPhoneSimulator.Deploy.0 = Release|Any CPU
		{2DE88344-518C-4A8A-8F79-A4414B211F93}.Debug|Any CPU.ActiveCfg = Debug|Any CPU
		{2DE88344-518C-4A8A-8F79-A4414B211F93}.Debug|Any CPU.Build.0 = Debug|Any CPU
		{2DE88344-518C-4A8A-8F79-A4414B211F93}.Debug|Any CPU.Deploy.0 = Debug|Any CPU
		{2DE88344-518C-4A8A-8F79-A4414B211F93}.Debug|iPhone.ActiveCfg = Debug|Any CPU
		{2DE88344-518C-4A8A-8F79-A4414B211F93}.Debug|iPhone.Build.0 = Debug|Any CPU
		{2DE88344-518C-4A8A-8F79-A4414B211F93}.Debug|iPhone.Deploy.0 = Debug|Any CPU
		{2DE88344-518C-4A8A-8F79-A4414B211F93}.Debug|iPhoneSimulator.ActiveCfg = Debug|Any CPU
		{2DE88344-518C-4A8A-8F79-A4414B211F93}.Debug|iPhoneSimulator.Build.0 = Debug|Any CPU
		{2DE88344-518C-4A8A-8F79-A4414B211F93}.Debug|iPhoneSimulator.Deploy.0 = Debug|Any CPU
		{2DE88344-518C-4A8A-8F79-A4414B211F93}.Release|Any CPU.ActiveCfg = Release|Any CPU
		{2DE88344-518C-4A8A-8F79-A4414B211F93}.Release|Any CPU.Build.0 = Release|Any CPU
		{2DE88344-518C-4A8A-8F79-A4414B211F93}.Release|Any CPU.Deploy.0 = Release|Any CPU
		{2DE88344-518C-4A8A-8F79-A4414B211F93}.Release|iPhone.ActiveCfg = Release|Any CPU
		{2DE88344-518C-4A8A-8F79-A4414B211F93}.Release|iPhone.Build.0 = Release|Any CPU
		{2DE88344-518C-4A8A-8F79-A4414B211F93}.Release|iPhone.Deploy.0 = Release|Any CPU
		{2DE88344-518C-4A8A-8F79-A4414B211F93}.Release|iPhoneSimulator.ActiveCfg = Release|Any CPU
		{2DE88344-518C-4A8A-8F79-A4414B211F93}.Release|iPhoneSimulator.Build.0 = Release|Any CPU
		{2DE88344-518C-4A8A-8F79-A4414B211F93}.Release|iPhoneSimulator.Deploy.0 = Release|Any CPU
		{B85B1BD7-E2F4-4C3E-A099-7B3CB744A480}.Ad-Hoc|Any CPU.ActiveCfg = Ad-Hoc|iPhone
		{B85B1BD7-E2F4-4C3E-A099-7B3CB744A480}.Ad-Hoc|iPhone.ActiveCfg = Ad-Hoc|iPhone
		{B85B1BD7-E2F4-4C3E-A099-7B3CB744A480}.Ad-Hoc|iPhone.Build.0 = Ad-Hoc|iPhone
		{B85B1BD7-E2F4-4C3E-A099-7B3CB744A480}.Ad-Hoc|iPhoneSimulator.ActiveCfg = Ad-Hoc|iPhoneSimulator
		{B85B1BD7-E2F4-4C3E-A099-7B3CB744A480}.Ad-Hoc|iPhoneSimulator.Build.0 = Ad-Hoc|iPhoneSimulator
		{B85B1BD7-E2F4-4C3E-A099-7B3CB744A480}.AppStore|Any CPU.ActiveCfg = AppStore|iPhone
		{B85B1BD7-E2F4-4C3E-A099-7B3CB744A480}.AppStore|iPhone.ActiveCfg = AppStore|iPhone
		{B85B1BD7-E2F4-4C3E-A099-7B3CB744A480}.AppStore|iPhone.Build.0 = AppStore|iPhone
		{B85B1BD7-E2F4-4C3E-A099-7B3CB744A480}.AppStore|iPhoneSimulator.ActiveCfg = AppStore|iPhoneSimulator
		{B85B1BD7-E2F4-4C3E-A099-7B3CB744A480}.AppStore|iPhoneSimulator.Build.0 = AppStore|iPhoneSimulator
		{B85B1BD7-E2F4-4C3E-A099-7B3CB744A480}.Debug|Any CPU.ActiveCfg = Debug|iPhone
		{B85B1BD7-E2F4-4C3E-A099-7B3CB744A480}.Debug|iPhone.ActiveCfg = Debug|iPhone
		{B85B1BD7-E2F4-4C3E-A099-7B3CB744A480}.Debug|iPhone.Build.0 = Debug|iPhone
		{B85B1BD7-E2F4-4C3E-A099-7B3CB744A480}.Debug|iPhoneSimulator.ActiveCfg = Debug|iPhoneSimulator
		{B85B1BD7-E2F4-4C3E-A099-7B3CB744A480}.Debug|iPhoneSimulator.Build.0 = Debug|iPhoneSimulator
		{B85B1BD7-E2F4-4C3E-A099-7B3CB744A480}.Release|Any CPU.ActiveCfg = Release|iPhone
		{B85B1BD7-E2F4-4C3E-A099-7B3CB744A480}.Release|iPhone.ActiveCfg = Release|iPhone
		{B85B1BD7-E2F4-4C3E-A099-7B3CB744A480}.Release|iPhone.Build.0 = Release|iPhone
		{B85B1BD7-E2F4-4C3E-A099-7B3CB744A480}.Release|iPhoneSimulator.ActiveCfg = Release|iPhoneSimulator
		{B85B1BD7-E2F4-4C3E-A099-7B3CB744A480}.Release|iPhoneSimulator.Build.0 = Release|iPhoneSimulator
		{EA7CA75A-E86A-440D-9686-61A38571AA4A}.Ad-Hoc|Any CPU.ActiveCfg = Debug|Any CPU
		{EA7CA75A-E86A-440D-9686-61A38571AA4A}.Ad-Hoc|Any CPU.Build.0 = Debug|Any CPU
		{EA7CA75A-E86A-440D-9686-61A38571AA4A}.Ad-Hoc|iPhone.ActiveCfg = Debug|Any CPU
		{EA7CA75A-E86A-440D-9686-61A38571AA4A}.Ad-Hoc|iPhone.Build.0 = Debug|Any CPU
		{EA7CA75A-E86A-440D-9686-61A38571AA4A}.Ad-Hoc|iPhoneSimulator.ActiveCfg = Debug|Any CPU
		{EA7CA75A-E86A-440D-9686-61A38571AA4A}.Ad-Hoc|iPhoneSimulator.Build.0 = Debug|Any CPU
		{EA7CA75A-E86A-440D-9686-61A38571AA4A}.AppStore|Any CPU.ActiveCfg = Debug|Any CPU
		{EA7CA75A-E86A-440D-9686-61A38571AA4A}.AppStore|Any CPU.Build.0 = Debug|Any CPU
		{EA7CA75A-E86A-440D-9686-61A38571AA4A}.AppStore|iPhone.ActiveCfg = Debug|Any CPU
		{EA7CA75A-E86A-440D-9686-61A38571AA4A}.AppStore|iPhone.Build.0 = Debug|Any CPU
		{EA7CA75A-E86A-440D-9686-61A38571AA4A}.AppStore|iPhoneSimulator.ActiveCfg = Debug|Any CPU
		{EA7CA75A-E86A-440D-9686-61A38571AA4A}.AppStore|iPhoneSimulator.Build.0 = Debug|Any CPU
		{EA7CA75A-E86A-440D-9686-61A38571AA4A}.Debug|Any CPU.ActiveCfg = Debug|Any CPU
		{EA7CA75A-E86A-440D-9686-61A38571AA4A}.Debug|Any CPU.Build.0 = Debug|Any CPU
		{EA7CA75A-E86A-440D-9686-61A38571AA4A}.Debug|iPhone.ActiveCfg = Debug|Any CPU
		{EA7CA75A-E86A-440D-9686-61A38571AA4A}.Debug|iPhone.Build.0 = Debug|Any CPU
		{EA7CA75A-E86A-440D-9686-61A38571AA4A}.Debug|iPhoneSimulator.ActiveCfg = Debug|Any CPU
		{EA7CA75A-E86A-440D-9686-61A38571AA4A}.Debug|iPhoneSimulator.Build.0 = Debug|Any CPU
		{EA7CA75A-E86A-440D-9686-61A38571AA4A}.Release|Any CPU.ActiveCfg = Release|Any CPU
		{EA7CA75A-E86A-440D-9686-61A38571AA4A}.Release|Any CPU.Build.0 = Release|Any CPU
		{EA7CA75A-E86A-440D-9686-61A38571AA4A}.Release|iPhone.ActiveCfg = Release|Any CPU
		{EA7CA75A-E86A-440D-9686-61A38571AA4A}.Release|iPhone.Build.0 = Release|Any CPU
		{EA7CA75A-E86A-440D-9686-61A38571AA4A}.Release|iPhoneSimulator.ActiveCfg = Release|Any CPU
		{EA7CA75A-E86A-440D-9686-61A38571AA4A}.Release|iPhoneSimulator.Build.0 = Release|Any CPU
	EndGlobalSection
	GlobalSection(SolutionProperties) = preSolution
		HideSolutionNode = FALSE
	EndGlobalSection
	GlobalSection(ExtensibilityGlobals) = postSolution
		SolutionGuid = {4908985C-6D5F-43D7-808B-2BA6D605ACB4}
	EndGlobalSection
EndGlobal
